
Microsoft Visual Studio Solution File, Format Version 12.00
# Visual Studio Version 17
VisualStudioVersion = 17.3.32804.467
MinimumVisualStudioVersion = 10.0.40219.1
Project("{FAE04EC0-301F-11D3-BF4B-00C04F79EFBC}") = "Casestudy", "CaseStudy\Casestudy.csproj", "{3AEA5207-109F-48A4-BDE7-4CFAAADC6F85}"
EndProject
Global
	GlobalSection(SolutionConfigurationPlatforms) = preSolution
		Debug|Any CPU = Debug|Any CPU
		Release|Any CPU = Release|Any CPU
	EndGlobalSection
	GlobalSection(ProjectConfigurationPlatforms) = postSolution
		{3AEA5207-109F-48A4-BDE7-4CFAAADC6F85}.Debug|Any CPU.ActiveCfg = Debug|Any CPU
		{3AEA5207-109F-48A4-BDE7-4CFAAADC6F85}.Debug|Any CPU.Build.0 = Debug|Any CPU
		{3AEA5207-109F-48A4-BDE7-4CFAAADC6F85}.Release|Any CPU.ActiveCfg = Release|Any CPU
		{3AEA5207-109F-48A4-BDE7-4CFAAADC6F85}.Release|Any CPU.Build.0 = Release|Any CPU
	EndGlobalSection
	GlobalSection(SolutionProperties) = preSolution
		HideSolutionNode = FALSE
	EndGlobalSection
	GlobalSection(ExtensibilityGlobals) = postSolution
		SolutionGuid = {93C4A7AE-C166-4520-9C38-8CC30652B4FF}
	EndGlobalSection
EndGlobal
